
Microsoft Visual Studio Solution File, Format Version 12.00
# Visual Studio Version 17
VisualStudioVersion = 17.0.31912.275
MinimumVisualStudioVersion = 10.0.40219.1
Project("{9A19103F-16F7-4668-BE54-9A1E7A4F7556}") = "SecretConfiguration.Core", "src\SecretConfiguration.Core\SecretConfiguration.Core.csproj", "{7EA4E5B5-FB8C-4E5E-81C4-705A53AED1B7}"
EndProject
Project("{FAE04EC0-301F-11D3-BF4B-00C04F79EFBC}") = "SecretConfiguration.Kms", "src\SecretConfiguration.Kms\SecretConfiguration.Kms.csproj", "{54773E60-93E3-4B65-9E90-B0E1D9EBA193}"
EndProject
Project("{2150E333-8FDC-42A3-9474-1A3956D46DE8}") = "src", "src", "{5EA6DBD8-020E-44A5-94B5-4B760CCA9E13}"
EndProject
Project("{2150E333-8FDC-42A3-9474-1A3956D46DE8}") = "test", "test", "{F16A2B39-47D0-49C5-95B0-34F3D49B7C3D}"
EndProject
Project("{9A19103F-16F7-4668-BE54-9A1E7A4F7556}") = "SecretConfiguration.Core.Tests", "test\SecretConfiguration.Core.Tests\SecretConfiguration.Core.Tests.csproj", "{D1F7F5C6-0C05-4BED-8BC1-7C0C8A0B7A97}"
EndProject
Global
	GlobalSection(SolutionConfigurationPlatforms) = preSolution
		Debug|Any CPU = Debug|Any CPU
		Release|Any CPU = Release|Any CPU
	EndGlobalSection
	GlobalSection(ProjectConfigurationPlatforms) = postSolution
		{7EA4E5B5-FB8C-4E5E-81C4-705A53AED1B7}.Debug|Any CPU.ActiveCfg = Debug|Any CPU
		{7EA4E5B5-FB8C-4E5E-81C4-705A53AED1B7}.Debug|Any CPU.Build.0 = Debug|Any CPU
		{7EA4E5B5-FB8C-4E5E-81C4-705A53AED1B7}.Release|Any CPU.ActiveCfg = Release|Any CPU
		{7EA4E5B5-FB8C-4E5E-81C4-705A53AED1B7}.Release|Any CPU.Build.0 = Release|Any CPU
		{54773E60-93E3-4B65-9E90-B0E1D9EBA193}.Debug|Any CPU.ActiveCfg = Debug|Any CPU
		{54773E60-93E3-4B65-9E90-B0E1D9EBA193}.Debug|Any CPU.Build.0 = Debug|Any CPU
		{54773E60-93E3-4B65-9E90-B0E1D9EBA193}.Release|Any CPU.ActiveCfg = Release|Any CPU
		{54773E60-93E3-4B65-9E90-B0E1D9EBA193}.Release|Any CPU.Build.0 = Release|Any CPU
		{D1F7F5C6-0C05-4BED-8BC1-7C0C8A0B7A97}.Debug|Any CPU.ActiveCfg = Debug|Any CPU
		{D1F7F5C6-0C05-4BED-8BC1-7C0C8A0B7A97}.Debug|Any CPU.Build.0 = Debug|Any CPU
		{D1F7F5C6-0C05-4BED-8BC1-7C0C8A0B7A97}.Release|Any CPU.ActiveCfg = Release|Any CPU
		{D1F7F5C6-0C05-4BED-8BC1-7C0C8A0B7A97}.Release|Any CPU.Build.0 = Release|Any CPU
	EndGlobalSection
	GlobalSection(SolutionProperties) = preSolution
		HideSolutionNode = FALSE
	EndGlobalSection
	GlobalSection(NestedProjects) = preSolution
		{7EA4E5B5-FB8C-4E5E-81C4-705A53AED1B7} = {5EA6DBD8-020E-44A5-94B5-4B760CCA9E13}
		{54773E60-93E3-4B65-9E90-B0E1D9EBA193} = {5EA6DBD8-020E-44A5-94B5-4B760CCA9E13}
		{D1F7F5C6-0C05-4BED-8BC1-7C0C8A0B7A97} = {F16A2B39-47D0-49C5-95B0-34F3D49B7C3D}
	EndGlobalSection
	GlobalSection(ExtensibilityGlobals) = postSolution
		SolutionGuid = {55FC256E-87AA-4852-AB55-DC6AEF0FCA60}
	EndGlobalSection
EndGlobal
